
Microsoft Visual Studio Solution File, Format Version 12.00
# Visual Studio Version 16
VisualStudioVersion = 16.0.29230.61
MinimumVisualStudioVersion = 10.0.40219.1
Project("{FAE04EC0-301F-11D3-BF4B-00C04F79EFBC}") = "BlackWaters Sender", "BlackWaters Sender\BlackWaters Sender.csproj", "{CFB25B41-FA9E-428E-9002-718E7101C33A}"
EndProject
Global
	GlobalSection(SolutionConfigurationPlatforms) = preSolution
		Debug|Any CPU = Debug|Any CPU
		Release|Any CPU = Release|Any CPU
	EndGlobalSection
	GlobalSection(ProjectConfigurationPlatforms) = postSolution
		{CFB25B41-FA9E-428E-9002-718E7101C33A}.Debug|Any CPU.ActiveCfg = Debug|Any CPU
		{CFB25B41-FA9E-428E-9002-718E7101C33A}.Debug|Any CPU.Build.0 = Debug|Any CPU
		{CFB25B41-FA9E-428E-9002-718E7101C33A}.Release|Any CPU.ActiveCfg = Release|Any CPU
		{CFB25B41-FA9E-428E-9002-718E7101C33A}.Release|Any CPU.Build.0 = Release|Any CPU
	EndGlobalSection
	GlobalSection(SolutionProperties) = preSolution
		HideSolutionNode = FALSE
	EndGlobalSection
	GlobalSection(ExtensibilityGlobals) = postSolution
		SolutionGuid = {63FC0130-82B0-432B-AE4D-A75F430C510F}
	EndGlobalSection
EndGlobal
